
Microsoft Visual Studio Solution File, Format Version 12.00
# Visual Studio Version 16
VisualStudioVersion = 16.0.30413.136
MinimumVisualStudioVersion = 10.0.40219.1
Project("{FAE04EC0-301F-11D3-BF4B-00C04F79EFBC}") = "weatherApp", "weatherApp\weatherApp.csproj", "{31D26A03-2447-478F-A0CD-2EA4AB62CA85}"
EndProject
Global
	GlobalSection(SolutionConfigurationPlatforms) = preSolution
		Debug|Any CPU = Debug|Any CPU
		Release|Any CPU = Release|Any CPU
	EndGlobalSection
	GlobalSection(ProjectConfigurationPlatforms) = postSolution
		{31D26A03-2447-478F-A0CD-2EA4AB62CA85}.Debug|Any CPU.ActiveCfg = Debug|Any CPU
		{31D26A03-2447-478F-A0CD-2EA4AB62CA85}.Debug|Any CPU.Build.0 = Debug|Any CPU
		{31D26A03-2447-478F-A0CD-2EA4AB62CA85}.Release|Any CPU.ActiveCfg = Release|Any CPU
		{31D26A03-2447-478F-A0CD-2EA4AB62CA85}.Release|Any CPU.Build.0 = Release|Any CPU
	EndGlobalSection
	GlobalSection(SolutionProperties) = preSolution
		HideSolutionNode = FALSE
	EndGlobalSection
	GlobalSection(ExtensibilityGlobals) = postSolution
		SolutionGuid = {5D2780CE-788B-4164-A4B3-81719A88DED4}
	EndGlobalSection
EndGlobal
